// !$*UTF8*$!
{
	archiveVersion = 1;
	classes = {
	};
	objectVersion = 46;
	objects = {

/* Begin PBXBuildFile section */
		3F414773205F5C9D00CD9935 /* Assets.xcassets in Resources */ = {isa = PBXBuildFile; fileRef = 3F414772205F5C9D00CD9935 /* Assets.xcassets */; };
		3F414776205F5C9D00CD9935 /* LaunchScreen.storyboard in Resources */ = {isa = PBXBuildFile; fileRef = 3F414774205F5C9D00CD9935 /* LaunchScreen.storyboard */; };
		3F414779205F5C9D00CD9935 /* Main.storyboard in Resources */ = {isa = PBXBuildFile; fileRef = 3F414777205F5C9D00CD9935 /* Main.storyboard */; };
		3F41477C205F5C9D00CD9935 /* main.m in Sources */ = {isa = PBXBuildFile; fileRef = 3F41477B205F5C9D00CD9935 /* main.m */; };
		3F41477F205F5C9D00CD9935 /* AppDelegate.m in Sources */ = {isa = PBXBuildFile; fileRef = 3F41477E205F5C9D00CD9935 /* AppDelegate.m */; };
		3F414782205F5C9D00CD9935 /* ViewController.m in Sources */ = {isa = PBXBuildFile; fileRef = 3F414781205F5C9D00CD9935 /* ViewController.m */; };
		3F414786205F5C9D00CD9935 /* TalkingDataHTML.m in Sources */ = {isa = PBXBuildFile; fileRef = 3F414785205F5C9D00CD9935 /* TalkingDataHTML.m */; };
		3F414789205F5C9D00CD9935 /* libTalkingData.a in Frameworks */ = {isa = PBXBuildFile; fileRef = 3F414788205F5C9D00CD9935 /* libTalkingData.a */; };
		3F41478B205F5C9D00CD9935 /* libc++.tbd in Frameworks */ = {isa = PBXBuildFile; fileRef = 3F41478A205F5C9D00CD9935 /* libc++.tbd */; };
		3F41478D205F5C9D00CD9935 /* libz.tbd in Frameworks */ = {isa = PBXBuildFile; fileRef = 3F41478C205F5C9D00CD9935 /* libz.tbd */; };
/* End PBXBuildFile section */

/* Begin PBXFileReference section */
		3F414770205F5C9D00CD9935 /* HybridDemo.app */ = {isa = PBXFileReference; explicitFileType = wrapper.application; includeInIndex = 0; path = HybridDemo.app; sourceTree = BUILT_PRODUCTS_DIR; };
		3F414771205F5C9D00CD9935 /* Info.plist */ = {isa = PBXFileReference; lastKnownFileType = text.plist.xml; path = Info.plist; sourceTree = "<group>"; };
		3F414772205F5C9D00CD9935 /* Assets.xcassets */ = {isa = PBXFileReference; lastKnownFileType = folder.assetcatalog; path = Assets.xcassets; sourceTree = "<group>"; };
		3F414775205F5C9D00CD9935 /* Base */ = {isa = PBXFileReference; lastKnownFileType = file.storyboard; name = Base; path = Base.lproj/LaunchScreen.storyboard; sourceTree = "<group>"; };
		3F414778205F5C9D00CD9935 /* Base */ = {isa = PBXFileReference; lastKnownFileType = file.storyboard; name = Base; path = Base.lproj/Main.storyboard; sourceTree = "<group>"; };
		3F41477B205F5C9D00CD9935 /* main.m */ = {isa = PBXFileReference; lastKnownFileType = sourcecode.c.objc; path = main.m; sourceTree = "<group>"; };
		3F41477D205F5C9D00CD9935 /* AppDelegate.h */ = {isa = PBXFileReference; lastKnownFileType = sourcecode.c.h; path = AppDelegate.h; sourceTree = "<group>"; };
		3F41477E205F5C9D00CD9935 /* AppDelegate.m */ = {isa = PBXFileReference; lastKnownFileType = sourcecode.c.objc; path = AppDelegate.m; sourceTree = "<group>"; };
		3F414780205F5C9D00CD9935 /* ViewController.h */ = {isa = PBXFileReference; lastKnownFileType = sourcecode.c.h; path = ViewController.h; sourceTree = "<group>"; };
		3F414781205F5C9D00CD9935 /* ViewController.m */ = {isa = PBXFileReference; lastKnownFileType = sourcecode.c.objc; path = ViewController.m; sourceTree = "<group>"; };
		3F414784205F5C9D00CD9935 /* TalkingDataHTML.h */ = {isa = PBXFileReference; fileEncoding = 4; lastKnownFileType = sourcecode.c.h; name = TalkingDataHTML.h; path = ../../../iOS/TalkingDataHTML.h; sourceTree = "<group>"; };
		3F414785205F5C9D00CD9935 /* TalkingDataHTML.m */ = {isa = PBXFileReference; fileEncoding = 4; lastKnownFileType = sourcecode.c.objc; name = TalkingDataHTML.m; path = ../../../iOS/TalkingDataHTML.m; sourceTree = "<group>"; };
		3F414787205F5C9D00CD9935 /* TalkingData.h */ = {isa = PBXFileReference; fileEncoding = 4; lastKnownFileType = sourcecode.c.h; name = TalkingData.h; path = ../../../iOS/TalkingData.h; sourceTree = "<group>"; };
		3F414788205F5C9D00CD9935 /* libTalkingData.a */ = {isa = PBXFileReference; lastKnownFileType = archive.ar; name = libTalkingData.a; path = ../../../iOS/libTalkingData.a; sourceTree = "<group>"; };
		3F41478A205F5C9D00CD9935 /* libc++.tbd */ = {isa = PBXFileReference; lastKnownFileType = "sourcecode.text-based-dylib-definition"; name = "libc++.tbd"; path = "usr/lib/libc++.tbd"; sourceTree = SDKROOT; };
		3F41478C205F5C9D00CD9935 /* libz.tbd */ = {isa = PBXFileReference; lastKnownFileType = "sourcecode.text-based-dylib-definition"; name = libz.tbd; path = usr/lib/libz.tbd; sourceTree = SDKROOT; };
/* End PBXFileReference section */

/* Begin PBXFrameworksBuildPhase section */
		3F41476D205F5C9D00CD9935 /* Frameworks */ = {
			isa = PBXFrameworksBuildPhase;
			buildActionMask = 2147483647;
			files = (
				3F414789205F5C9D00CD9935 /* libTalkingData.a in Frameworks */,
				3F41478B205F5C9D00CD9935 /* libc++.tbd in Frameworks */,
				3F41478D205F5C9D00CD9935 /* libz.tbd in Frameworks */,
			);
			runOnlyForDeploymentPostprocessing = 0;
		};
/* End PBXFrameworksBuildPhase section */

/* Begin PBXGroup section */
		3F414764205F5C9D00CD9935 = {
			isa = PBXGroup;
			children = (
				3F414765205F5C9D00CD9935 /* HybridDemo */,
				3F414766205F5C9D00CD9935 /* Frameworks */,
				3F414767205F5C9D00CD9935 /* Products */,
			);
			sourceTree = "<group>";
		};
		3F414765205F5C9D00CD9935 /* HybridDemo */ = {
			isa = PBXGroup;
			children = (
				3F414771205F5C9D00CD9935 /* Info.plist */,
				3F414772205F5C9D00CD9935 /* Assets.xcassets */,
				3F414774205F5C9D00CD9935 /* LaunchScreen.storyboard */,
				3F414777205F5C9D00CD9935 /* Main.storyboard */,
				3F41477A205F5C9D00CD9935 /* Supporting Files */,
				3F41477D205F5C9D00CD9935 /* AppDelegate.h */,
				3F41477E205F5C9D00CD9935 /* AppDelegate.m */,
				3F414780205F5C9D00CD9935 /* ViewController.h */,
				3F414781205F5C9D00CD9935 /* ViewController.m */,
				3F414783205F5C9D00CD9935 /* TalkingData */,
			);
			path = HybridDemo;
			sourceTree = "<group>";
		};
		3F414766205F5C9D00CD9935 /* Frameworks */ = {
			isa = PBXGroup;
			children = (
				3F41478A205F5C9D00CD9935 /* libc++.tbd */,
				3F41478C205F5C9D00CD9935 /* libz.tbd */,
			);
			name = Frameworks;
			sourceTree = "<group>";
		};
		3F414767205F5C9D00CD9935 /* Products */ = {
			isa = PBXGroup;
			children = (
				3F414770205F5C9D00CD9935 /* HybridDemo.app */,
			);
			name = Products;
			sourceTree = "<group>";
		};
		3F41477A205F5C9D00CD9935 /* Supporting Files */ = {
			isa = PBXGroup;
			children = (
				3F41477B205F5C9D00CD9935 /* main.m */,
			);
			name = "Supporting Files";
			sourceTree = "<group>";
		};
		3F414783205F5C9D00CD9935 /* TalkingData */ = {
			isa = PBXGroup;
			children = (
				3F414784205F5C9D00CD9935 /* TalkingDataHTML.h */,
				3F414785205F5C9D00CD9935 /* TalkingDataHTML.m */,
				3F414787205F5C9D00CD9935 /* TalkingData.h */,
				3F414788205F5C9D00CD9935 /* libTalkingData.a */,
			);
			name = TalkingData;
			sourceTree = "<group>";
		};
/* End PBXGroup section */

/* Begin PBXNativeTarget section */
		3F414768205F5C9D00CD9935 /* HybridDemo */ = {
			isa = PBXNativeTarget;
			buildConfigurationList = 3F414769205F5C9D00CD9935 /* Build configuration list for PBXNativeTarget "HybridDemo" */;
			buildPhases = (
				3F41476C205F5C9D00CD9935 /* Sources */,
				3F41476D205F5C9D00CD9935 /* Frameworks */,
				3F41476E205F5C9D00CD9935 /* Resources */,
			);
			buildRules = (
			);
			dependencies = (
			);
			name = HybridDemo;
			productName = HybridDemo;
			productReference = 3F414770205F5C9D00CD9935 /* HybridDemo.app */;
			productType = "com.apple.product-type.application";
		};
/* End PBXNativeTarget section */

/* Begin PBXProject section */
		3F414760205F5C9D00CD9935 /* Project object */ = {
			isa = PBXProject;
			attributes = {
				LastUpgradeCheck = 0830;
				TargetAttributes = {
					3F414768205F5C9D00CD9935 = {
						CreatedOnToolsVersion = 8.3.2;
						ProvisioningStyle = Automatic;
					};
				};
			};
			buildConfigurationList = 3F414761205F5C9D00CD9935 /* Build configuration list for PBXProject "HybridDemo" */;
			compatibilityVersion = "Xcode 3.2";
			developmentRegion = English;
			hasScannedForEncodings = 0;
			knownRegions = (
				en,
				Base,
			);
			mainGroup = 3F414764205F5C9D00CD9935;
			productRefGroup = 3F414767205F5C9D00CD9935 /* Products */;
			projectDirPath = "";
			projectRoot = "";
			targets = (
				3F414768205F5C9D00CD9935 /* HybridDemo */,
			);
		};
/* End PBXProject section */

/* Begin PBXResourcesBuildPhase section */
		3F41476E205F5C9D00CD9935 /* Resources */ = {
			isa = PBXResourcesBuildPhase;
			buildActionMask = 2147483647;
			files = (
				3F414773205F5C9D00CD9935 /* Assets.xcassets in Resources */,
				3F414776205F5C9D00CD9935 /* LaunchScreen.storyboard in Resources */,
				3F414779205F5C9D00CD9935 /* Main.storyboard in Resources */,
			);
			runOnlyForDeploymentPostprocessing = 0;
		};
/* End PBXResourcesBuildPhase section */

/* Begin PBXSourcesBuildPhase section */
		3F41476C205F5C9D00CD9935 /* Sources */ = {
			isa = PBXSourcesBuildPhase;
			buildActionMask = 2147483647;
			files = (
				3F41477C205F5C9D00CD9935 /* main.m in Sources */,
				3F41477F205F5C9D00CD9935 /* AppDelegate.m in Sources */,
				3F414782205F5C9D00CD9935 /* ViewController.m in Sources */,
				3F414786205F5C9D00CD9935 /* TalkingDataHTML.m in Sources */,
			);
			runOnlyForDeploymentPostprocessing = 0;
		};
/* End PBXSourcesBuildPhase section */

/* Begin PBXVariantGroup section */
		3F414774205F5C9D00CD9935 /* LaunchScreen.storyboard */ = {
			isa = PBXVariantGroup;
			children = (
				3F414775205F5C9D00CD9935 /* Base */,
			);
			name = LaunchScreen.storyboard;
			sourceTree = "<group>";
		};
		3F414777205F5C9D00CD9935 /* Main.storyboard */ = {
			isa = PBXVariantGroup;
			children = (
				3F414778205F5C9D00CD9935 /* Base */,
			);
			name = Main.storyboard;
			sourceTree = "<group>";
		};
/* End PBXVariantGroup section */

/* Begin XCBuildConfiguration section */
		3F414762205F5C9D00CD9935 /* Debug */ = {
			isa = XCBuildConfiguration;
			buildSettings = {
				ALWAYS_SEARCH_USER_PATHS = NO;
				CLANG_ANALYZER_NONNULL = YES;
				CLANG_ANALYZER_NUMBER_OBJECT_CONVERSION = YES_AGGRESSIVE;
				CLANG_CXX_LANGUAGE_STANDARD = "gnu++0x";
				CLANG_CXX_LIBRARY = "libc++";
				CLANG_ENABLE_MODULES = YES;
				CLANG_ENABLE_OBJC_ARC = YES;
				CLANG_WARN_BOOL_CONVERSION = YES;
				CLANG_WARN_CONSTANT_CONVERSION = YES;
				CLANG_WARN_DIRECT_OBJC_ISA_USAGE = YES_ERROR;
				CLANG_WARN_DOCUMENTATION_COMMENTS = YES;
				CLANG_WARN_EMPTY_BODY = YES;
				CLANG_WARN_ENUM_CONVERSION = YES;
				CLANG_WARN_INFINITE_RECURSION = YES;
				CLANG_WARN_INT_CONVERSION = YES;
				CLANG_WARN_OBJC_ROOT_CLASS = YES_ERROR;
				CLANG_WARN_SUSPICIOUS_MOVE = YES;
				CLANG_WARN_UNREACHABLE_CODE = YES;
				CLANG_WARN__DUPLICATE_METHOD_MATCH = YES;
				"CODE_SIGN_IDENTITY[sdk=iphoneos*]" = "iPhone Developer";
				COPY_PHASE_STRIP = NO;
				DEBUG_INFORMATION_FORMAT = dwarf;
				ENABLE_STRICT_OBJC_MSGSEND = YES;
				ENABLE_TESTABILITY = YES;
				GCC_C_LANGUAGE_STANDARD = gnu99;
				GCC_DYNAMIC_NO_PIC = NO;
				GCC_NO_COMMON_BLOCKS = YES;
				GCC_OPTIMIZATION_LEVEL = 0;
				GCC_PREPROCESSOR_DEFINITIONS = (
					"DEBUG=1",
					"$(inherited)",
				);
				GCC_WARN_64_TO_32_BIT_CONVERSION = YES;
				GCC_WARN_ABOUT_RETURN_TYPE = YES_ERROR;
				GCC_WARN_UNDECLARED_SELECTOR = YES;
				GCC_WARN_UNINITIALIZED_AUTOS = YES_AGGRESSIVE;
				GCC_WARN_UNUSED_FUNCTION = YES;
				GCC_WARN_UNUSED_VARIABLE = YES;
				IPHONEOS_DEPLOYMENT_TARGET = 10.3;
				MTL_ENABLE_DEBUG_INFO = YES;
				ONLY_ACTIVE_ARCH = YES;
				SDKROOT = iphoneos;
				TARGETED_DEVICE_FAMILY = "1,2";
			};
			name = Debug;
		};
		3F414763205F5C9D00CD9935 /* Release */ = {
			isa = XCBuildConfiguration;
			buildSettings = {
				ALWAYS_SEARCH_USER_PATHS = NO;
				CLANG_ANALYZER_NONNULL = YES;
				CLANG_ANALYZER_NUMBER_OBJECT_CONVERSION = YES_AGGRESSIVE;
				CLANG_CXX_LANGUAGE_STANDARD = "gnu++0x";
				CLANG_CXX_LIBRARY = "libc++";
				CLANG_ENABLE_MODULES = YES;
				CLANG_ENABLE_OBJC_ARC = YES;
				CLANG_WARN_BOOL_CONVERSION = YES;
				CLANG_WARN_CONSTANT_CONVERSION = YES;
				CLANG_WARN_DIRECT_OBJC_ISA_USAGE = YES_ERROR;
				CLANG_WARN_DOCUMENTATION_COMMENTS = YES;
				CLANG_WARN_EMPTY_BODY = YES;
				CLANG_WARN_ENUM_CONVERSION = YES;
				CLANG_WARN_INFINITE_RECURSION = YES;
				CLANG_WARN_INT_CONVERSION = YES;
				CLANG_WARN_OBJC_ROOT_CLASS = YES_ERROR;
				CLANG_WARN_SUSPICIOUS_MOVE = YES;
				CLANG_WARN_UNREACHABLE_CODE = YES;
				CLANG_WARN__DUPLICATE_METHOD_MATCH = YES;
				"CODE_SIGN_IDENTITY[sdk=iphoneos*]" = "iPhone Developer";
				COPY_PHASE_STRIP = NO;
				DEBUG_INFORMATION_FORMAT = "dwarf-with-dsym";
				ENABLE_NS_ASSERTIONS = NO;
				ENABLE_STRICT_OBJC_MSGSEND = YES;
				GCC_C_LANGUAGE_STANDARD = gnu99;
				GCC_NO_COMMON_BLOCKS = YES;
				GCC_WARN_64_TO_32_BIT_CONVERSION = YES;
				GCC_WARN_ABOUT_RETURN_TYPE = YES_ERROR;
				GCC_WARN_UNDECLARED_SELECTOR = YES;
				GCC_WARN_UNINITIALIZED_AUTOS = YES_AGGRESSIVE;
				GCC_WARN_UNUSED_FUNCTION = YES;
				GCC_WARN_UNUSED_VARIABLE = YES;
				IPHONEOS_DEPLOYMENT_TARGET = 10.3;
				MTL_ENABLE_DEBUG_INFO = NO;
				SDKROOT = iphoneos;
				TARGETED_DEVICE_FAMILY = "1,2";
				VALIDATE_PRODUCT = YES;
			};
			name = Release;
		};
		3F41476A205F5C9D00CD9935 /* Debug */ = {
			isa = XCBuildConfiguration;
			buildSettings = {
				ASSETCATALOG_COMPILER_APPICON_NAME = AppIcon;
				INFOPLIST_FILE = HybridDemo/Info.plist;
				IPHONEOS_DEPLOYMENT_TARGET = 8.0;
				LD_RUNPATH_SEARCH_PATHS = "$(inherited) @executable_path/Frameworks";
				LIBRARY_SEARCH_PATHS = "$(PROJECT_DIR)/../../iOS";
				PRODUCT_BUNDLE_IDENTIFIER = com.td.HybridDemo;
				PRODUCT_NAME = "$(TARGET_NAME)";
			};
			name = Debug;
		};
		3F41476B205F5C9D00CD9935 /* Release */ = {
			isa = XCBuildConfiguration;
			buildSettings = {
				ASSETCATALOG_COMPILER_APPICON_NAME = AppIcon;
				INFOPLIST_FILE = HybridDemo/Info.plist;
				IPHONEOS_DEPLOYMENT_TARGET = 8.0;
				LD_RUNPATH_SEARCH_PATHS = "$(inherited) @executable_path/Frameworks";
				LIBRARY_SEARCH_PATHS = "$(PROJECT_DIR)/../../iOS";
				PRODUCT_BUNDLE_IDENTIFIER = com.td.HybridDemo;
				PRODUCT_NAME = "$(TARGET_NAME)";
			};
			name = Release;
		};
/* End XCBuildConfiguration section */

/* Begin XCConfigurationList section */
		3F414761205F5C9D00CD9935 /* Build configuration list for PBXProject "HybridDemo" */ = {
			isa = XCConfigurationList;
			buildConfigurations = (
				3F414762205F5C9D00CD9935 /* Debug */,
				3F414763205F5C9D00CD9935 /* Release */,
			);
			defaultConfigurationIsVisible = 0;
			defaultConfigurationName = Release;
		};
		3F414769205F5C9D00CD9935 /* Build configuration list for PBXNativeTarget "HybridDemo" */ = {
			isa = XCConfigurationList;
			buildConfigurations = (
				3F41476A205F5C9D00CD9935 /* Debug */,
				3F41476B205F5C9D00CD9935 /* Release */,
			);
			defaultConfigurationIsVisible = 0;
			defaultConfigurationName = Release;
		};
/* End XCConfigurationList section */
	};
	rootObject = 3F414760205F5C9D00CD9935 /* Project object */;
}
