// !$*UTF8*$!
{
	archiveVersion = 1;
	classes = {
	};
	objectVersion = 46;
	objects = {

/* Begin PBXBuildFile section */
		54441011A9E0FBDBCD843FCE /* libc++.tbd in Frameworks */ = {isa = PBXBuildFile; fileRef = 54440011A9E0FBDBCD843FCE /* libc++.tbd */; };
		54441012A9E0FBDBCD843FCE /* libz.tbd in Frameworks */ = {isa = PBXBuildFile; fileRef = 54440012A9E0FBDBCD843FCE /* libz.tbd */; };
		54441022A9E0FBDBCD843FCE /* TalkingDataHTML.m in Sources */ = {isa = PBXBuildFile; fileRef = 54440022A9E0FBDBCD843FCE /* TalkingDataHTML.m */; };
		54441024A9E0FBDBCD843FCE /* libTalkingData.a in Frameworks */ = {isa = PBXBuildFile; fileRef = 54440024A9E0FBDBCD843FCE /* libTalkingData.a */; };
		54441032A9E0FBDBCD843FCE /* Assets.xcassets in Resources */ = {isa = PBXBuildFile; fileRef = 54440032A9E0FBDBCD843FCE /* Assets.xcassets */; };
		54441034A9E0FBDBCD843FCE /* LaunchScreen.storyboard in Resources */ = {isa = PBXBuildFile; fileRef = 54440034A9E0FBDBCD843FCE /* LaunchScreen.storyboard */; };
		54441036A9E0FBDBCD843FCE /* Main.storyboard in Resources */ = {isa = PBXBuildFile; fileRef = 54440036A9E0FBDBCD843FCE /* Main.storyboard */; };
		54441037A9E0FBDBCD843FCE /* main.m in Sources */ = {isa = PBXBuildFile; fileRef = 54440037A9E0FBDBCD843FCE /* main.m */; };
		54441039A9E0FBDBCD843FCE /* AppDelegate.m in Sources */ = {isa = PBXBuildFile; fileRef = 54440039A9E0FBDBCD843FCE /* AppDelegate.m */; };
		5444103DA9E0FBDBCD843FCE /* TDWKWebViewController.m in Sources */ = {isa = PBXBuildFile; fileRef = 5444003DA9E0FBDBCD843FCE /* TDWKWebViewController.m */; };
/* End PBXBuildFile section */

/* Begin PBXFileReference section */
		54440011A9E0FBDBCD843FCE /* libc++.tbd */ = {isa = PBXFileReference; lastKnownFileType = "sourcecode.text-based-dylib-definition"; name = "libc++.tbd"; path = "usr/lib/libc++.tbd"; sourceTree = SDKROOT; };
		54440012A9E0FBDBCD843FCE /* libz.tbd */ = {isa = PBXFileReference; lastKnownFileType = "sourcecode.text-based-dylib-definition"; name = libz.tbd; path = usr/lib/libz.tbd; sourceTree = SDKROOT; };
		54440021A9E0FBDBCD843FCE /* TalkingDataHTML.h */ = {isa = PBXFileReference; fileEncoding = 4; lastKnownFileType = sourcecode.c.h; name = TalkingDataHTML.h; path = ../../iOS/TalkingDataHTML.h; sourceTree = "<group>"; };
		54440022A9E0FBDBCD843FCE /* TalkingDataHTML.m */ = {isa = PBXFileReference; fileEncoding = 4; lastKnownFileType = sourcecode.c.objc; name = TalkingDataHTML.m; path = ../../iOS/TalkingDataHTML.m; sourceTree = "<group>"; };
		54440023A9E0FBDBCD843FCE /* TalkingData.h */ = {isa = PBXFileReference; fileEncoding = 4; lastKnownFileType = sourcecode.c.h; name = TalkingData.h; path = ../../iOS/TalkingData.h; sourceTree = "<group>"; };
		54440024A9E0FBDBCD843FCE /* libTalkingData.a */ = {isa = PBXFileReference; lastKnownFileType = archive.ar; name = libTalkingData.a; path = ../../iOS/libTalkingData.a; sourceTree = "<group>"; };
		54440031A9E0FBDBCD843FCE /* Info.plist */ = {isa = PBXFileReference; lastKnownFileType = text.plist.xml; path = Info.plist; sourceTree = "<group>"; };
		54440032A9E0FBDBCD843FCE /* Assets.xcassets */ = {isa = PBXFileReference; lastKnownFileType = folder.assetcatalog; path = Assets.xcassets; sourceTree = "<group>"; };
		54440033A9E0FBDBCD843FCE /* Base */ = {isa = PBXFileReference; lastKnownFileType = file.storyboard; name = Base; path = Base.lproj/LaunchScreen.storyboard; sourceTree = "<group>"; };
		54440035A9E0FBDBCD843FCE /* Base */ = {isa = PBXFileReference; lastKnownFileType = file.storyboard; name = Base; path = Base.lproj/Main.storyboard; sourceTree = "<group>"; };
		54440037A9E0FBDBCD843FCE /* main.m */ = {isa = PBXFileReference; lastKnownFileType = sourcecode.c.objc; path = main.m; sourceTree = "<group>"; };
		54440038A9E0FBDBCD843FCE /* AppDelegate.h */ = {isa = PBXFileReference; lastKnownFileType = sourcecode.c.h; path = AppDelegate.h; sourceTree = "<group>"; };
		54440039A9E0FBDBCD843FCE /* AppDelegate.m */ = {isa = PBXFileReference; lastKnownFileType = sourcecode.c.objc; path = AppDelegate.m; sourceTree = "<group>"; };
		5444003CA9E0FBDBCD843FCE /* TDWKWebViewController.h */ = {isa = PBXFileReference; lastKnownFileType = sourcecode.c.h; path = TDWKWebViewController.h; sourceTree = "<group>"; };
		5444003DA9E0FBDBCD843FCE /* TDWKWebViewController.m */ = {isa = PBXFileReference; lastKnownFileType = sourcecode.c.objc; path = TDWKWebViewController.m; sourceTree = "<group>"; };
		54441004A9E0FBDBCD843FCE /* HybridDemo.app */ = {isa = PBXFileReference; explicitFileType = wrapper.application; includeInIndex = 0; path = HybridDemo.app; sourceTree = BUILT_PRODUCTS_DIR; };
/* End PBXFileReference section */

/* Begin PBXFrameworksBuildPhase section */
		54441006A9E0FBDBCD843FCE /* Frameworks */ = {
			isa = PBXFrameworksBuildPhase;
			files = (
				54441011A9E0FBDBCD843FCE /* libc++.tbd in Frameworks */,
				54441012A9E0FBDBCD843FCE /* libz.tbd in Frameworks */,
				54441024A9E0FBDBCD843FCE /* libTalkingData.a in Frameworks */,
			);
			runOnlyForDeploymentPostprocessing = 0;
		};
/* End PBXFrameworksBuildPhase section */

/* Begin PBXGroup section */
		54440004A9E0FBDBCD843FCE = {
			isa = PBXGroup;
			children = (
				54440008A9E0FBDBCD843FCE /* HybridDemo */,
				54440007A9E0FBDBCD843FCE /* TalkingDataSDK */,
				54440006A9E0FBDBCD843FCE /* Frameworks */,
				54440005A9E0FBDBCD843FCE /* Products */,
			);
			sourceTree = "<group>";
		};
		54440005A9E0FBDBCD843FCE /* Products */ = {
			isa = PBXGroup;
			children = (
				54441004A9E0FBDBCD843FCE /* HybridDemo.app */,
			);
			name = Products;
			sourceTree = "<group>";
		};
		54440006A9E0FBDBCD843FCE /* Frameworks */ = {
			isa = PBXGroup;
			children = (
				54440011A9E0FBDBCD843FCE /* libc++.tbd */,
				54440012A9E0FBDBCD843FCE /* libz.tbd */,
			);
			name = Frameworks;
			sourceTree = "<group>";
		};
		54440007A9E0FBDBCD843FCE /* TalkingDataSDK */ = {
			isa = PBXGroup;
			children = (
				54440021A9E0FBDBCD843FCE /* TalkingDataHTML.h */,
				54440022A9E0FBDBCD843FCE /* TalkingDataHTML.m */,
				54440023A9E0FBDBCD843FCE /* TalkingData.h */,
				54440024A9E0FBDBCD843FCE /* libTalkingData.a */,
			);
			name = TalkingDataSDK;
			sourceTree = "<group>";
		};
		54440008A9E0FBDBCD843FCE /* HybridDemo */ = {
			isa = PBXGroup;
			children = (
				54440031A9E0FBDBCD843FCE /* Info.plist */,
				54440032A9E0FBDBCD843FCE /* Assets.xcassets */,
				54440034A9E0FBDBCD843FCE /* LaunchScreen.storyboard */,
				54440036A9E0FBDBCD843FCE /* Main.storyboard */,
				54440037A9E0FBDBCD843FCE /* main.m */,
				54440038A9E0FBDBCD843FCE /* AppDelegate.h */,
				54440039A9E0FBDBCD843FCE /* AppDelegate.m */,
				5444003CA9E0FBDBCD843FCE /* TDWKWebViewController.h */,
				5444003DA9E0FBDBCD843FCE /* TDWKWebViewController.m */,
			);
			path = HybridDemo;
			sourceTree = "<group>";
		};
/* End PBXGroup section */

/* Begin PBXNativeTarget section */
		54441000A9E0FBDBCD843FCE /* HybridDemo */ = {
			isa = PBXNativeTarget;
			buildConfigurationList = 54441001A9E0FBDBCD843FCE /* Build configuration list for PBXNativeTarget "HybridDemo" */;
			buildPhases = (
				54441005A9E0FBDBCD843FCE /* Sources */,
				54441006A9E0FBDBCD843FCE /* Frameworks */,
				54441007A9E0FBDBCD843FCE /* Resources */,
			);
			buildRules = (
			);
			dependencies = (
			);
			name = HybridDemo;
			productName = HybridDemo;
			productReference = 54441004A9E0FBDBCD843FCE /* HybridDemo.app */;
			productType = "com.apple.product-type.application";
		};
/* End PBXNativeTarget section */

/* Begin PBXProject section */
		54440000A9E0FBDBCD843FCE /* Project object */ = {
			isa = PBXProject;
			attributes = {
				LastUpgradeCheck = 0830;
				TargetAttributes = {
					54441000A9E0FBDBCD843FCE = {
						CreatedOnToolsVersion = 8.3.2;
						ProvisioningStyle = Automatic;
					};
				};
			};
			buildConfigurationList = 54440001A9E0FBDBCD843FCE /* Build configuration list for PBXProject "HybridDemo" */;
			compatibilityVersion = "Xcode 3.2";
			developmentRegion = English;
			hasScannedForEncodings = 0;
			knownRegions = (
				en,
				Base,
			);
			mainGroup = 54440004A9E0FBDBCD843FCE;
			productRefGroup = 54440005A9E0FBDBCD843FCE /* Products */;
			projectDirPath = "";
			projectRoot = "";
			targets = (
				54441000A9E0FBDBCD843FCE /* HybridDemo */,
			);
		};
/* End PBXProject section */

/* Begin PBXResourcesBuildPhase section */
		54441007A9E0FBDBCD843FCE /* Resources */ = {
			isa = PBXResourcesBuildPhase;
			files = (
				54441032A9E0FBDBCD843FCE /* Assets.xcassets in Resources */,
				54441034A9E0FBDBCD843FCE /* LaunchScreen.storyboard in Resources */,
				54441036A9E0FBDBCD843FCE /* Main.storyboard in Resources */,
			);
			runOnlyForDeploymentPostprocessing = 0;
		};
/* End PBXResourcesBuildPhase section */

/* Begin PBXSourcesBuildPhase section */
		54441005A9E0FBDBCD843FCE /* Sources */ = {
			isa = PBXSourcesBuildPhase;
			files = (
				54441022A9E0FBDBCD843FCE /* TalkingDataHTML.m in Sources */,
				54441037A9E0FBDBCD843FCE /* main.m in Sources */,
				54441039A9E0FBDBCD843FCE /* AppDelegate.m in Sources */,
				5444103DA9E0FBDBCD843FCE /* TDWKWebViewController.m in Sources */,
			);
			runOnlyForDeploymentPostprocessing = 0;
		};
/* End PBXSourcesBuildPhase section */

/* Begin PBXVariantGroup section */
		54440034A9E0FBDBCD843FCE /* LaunchScreen.storyboard */ = {
			isa = PBXVariantGroup;
			children = (
				54440033A9E0FBDBCD843FCE /* Base */,
			);
			name = LaunchScreen.storyboard;
			sourceTree = "<group>";
		};
		54440036A9E0FBDBCD843FCE /* Main.storyboard */ = {
			isa = PBXVariantGroup;
			children = (
				54440035A9E0FBDBCD843FCE /* Base */,
			);
			name = Main.storyboard;
			sourceTree = "<group>";
		};
/* End PBXVariantGroup section */

/* Begin XCBuildConfiguration section */
		54440002A9E0FBDBCD843FCE /* Debug */ = {
			isa = XCBuildConfiguration;
			buildSettings = {
				ALWAYS_SEARCH_USER_PATHS = NO;
				CLANG_ANALYZER_NONNULL = YES;
				CLANG_ANALYZER_NUMBER_OBJECT_CONVERSION = YES_AGGRESSIVE;
				CLANG_CXX_LANGUAGE_STANDARD = "gnu++0x";
				CLANG_CXX_LIBRARY = "libc++";
				CLANG_ENABLE_MODULES = YES;
				CLANG_ENABLE_OBJC_ARC = YES;
				CLANG_WARN_BOOL_CONVERSION = YES;
				CLANG_WARN_CONSTANT_CONVERSION = YES;
				CLANG_WARN_DIRECT_OBJC_ISA_USAGE = YES_ERROR;
				CLANG_WARN_DOCUMENTATION_COMMENTS = YES;
				CLANG_WARN_EMPTY_BODY = YES;
				CLANG_WARN_ENUM_CONVERSION = YES;
				CLANG_WARN_INFINITE_RECURSION = YES;
				CLANG_WARN_INT_CONVERSION = YES;
				CLANG_WARN_OBJC_ROOT_CLASS = YES_ERROR;
				CLANG_WARN_SUSPICIOUS_MOVE = YES;
				CLANG_WARN_UNREACHABLE_CODE = YES;
				CLANG_WARN__DUPLICATE_METHOD_MATCH = YES;
				"CODE_SIGN_IDENTITY[sdk=iphoneos*]" = "iPhone Developer";
				COPY_PHASE_STRIP = NO;
				DEBUG_INFORMATION_FORMAT = dwarf;
				ENABLE_STRICT_OBJC_MSGSEND = YES;
				ENABLE_TESTABILITY = YES;
				GCC_C_LANGUAGE_STANDARD = gnu99;
				GCC_DYNAMIC_NO_PIC = NO;
				GCC_NO_COMMON_BLOCKS = YES;
				GCC_OPTIMIZATION_LEVEL = 0;
				GCC_PREPROCESSOR_DEFINITIONS = (
					"DEBUG=1",
					"$(inherited)",
				);
				GCC_WARN_64_TO_32_BIT_CONVERSION = YES;
				GCC_WARN_ABOUT_RETURN_TYPE = YES_ERROR;
				GCC_WARN_UNDECLARED_SELECTOR = YES;
				GCC_WARN_UNINITIALIZED_AUTOS = YES_AGGRESSIVE;
				GCC_WARN_UNUSED_FUNCTION = YES;
				GCC_WARN_UNUSED_VARIABLE = YES;
				IPHONEOS_DEPLOYMENT_TARGET = 10.3;
				MTL_ENABLE_DEBUG_INFO = YES;
				ONLY_ACTIVE_ARCH = YES;
				SDKROOT = iphoneos;
				TARGETED_DEVICE_FAMILY = "1,2";
			};
			name = Debug;
		};
		54440003A9E0FBDBCD843FCE /* Release */ = {
			isa = XCBuildConfiguration;
			buildSettings = {
				ALWAYS_SEARCH_USER_PATHS = NO;
				CLANG_ANALYZER_NONNULL = YES;
				CLANG_ANALYZER_NUMBER_OBJECT_CONVERSION = YES_AGGRESSIVE;
				CLANG_CXX_LANGUAGE_STANDARD = "gnu++0x";
				CLANG_CXX_LIBRARY = "libc++";
				CLANG_ENABLE_MODULES = YES;
				CLANG_ENABLE_OBJC_ARC = YES;
				CLANG_WARN_BOOL_CONVERSION = YES;
				CLANG_WARN_CONSTANT_CONVERSION = YES;
				CLANG_WARN_DIRECT_OBJC_ISA_USAGE = YES_ERROR;
				CLANG_WARN_DOCUMENTATION_COMMENTS = YES;
				CLANG_WARN_EMPTY_BODY = YES;
				CLANG_WARN_ENUM_CONVERSION = YES;
				CLANG_WARN_INFINITE_RECURSION = YES;
				CLANG_WARN_INT_CONVERSION = YES;
				CLANG_WARN_OBJC_ROOT_CLASS = YES_ERROR;
				CLANG_WARN_SUSPICIOUS_MOVE = YES;
				CLANG_WARN_UNREACHABLE_CODE = YES;
				CLANG_WARN__DUPLICATE_METHOD_MATCH = YES;
				"CODE_SIGN_IDENTITY[sdk=iphoneos*]" = "iPhone Developer";
				COPY_PHASE_STRIP = NO;
				DEBUG_INFORMATION_FORMAT = "dwarf-with-dsym";
				ENABLE_NS_ASSERTIONS = NO;
				ENABLE_STRICT_OBJC_MSGSEND = YES;
				GCC_C_LANGUAGE_STANDARD = gnu99;
				GCC_NO_COMMON_BLOCKS = YES;
				GCC_WARN_64_TO_32_BIT_CONVERSION = YES;
				GCC_WARN_ABOUT_RETURN_TYPE = YES_ERROR;
				GCC_WARN_UNDECLARED_SELECTOR = YES;
				GCC_WARN_UNINITIALIZED_AUTOS = YES_AGGRESSIVE;
				GCC_WARN_UNUSED_FUNCTION = YES;
				GCC_WARN_UNUSED_VARIABLE = YES;
				IPHONEOS_DEPLOYMENT_TARGET = 10.3;
				MTL_ENABLE_DEBUG_INFO = NO;
				SDKROOT = iphoneos;
				TARGETED_DEVICE_FAMILY = "1,2";
				VALIDATE_PRODUCT = YES;
			};
			name = Release;
		};
		54441002A9E0FBDBCD843FCE /* Debug */ = {
			isa = XCBuildConfiguration;
			buildSettings = {
				ASSETCATALOG_COMPILER_APPICON_NAME = AppIcon;
				INFOPLIST_FILE = HybridDemo/Info.plist;
				IPHONEOS_DEPLOYMENT_TARGET = 8.0;
				LD_RUNPATH_SEARCH_PATHS = "$(inherited) @executable_path/Frameworks";
				LIBRARY_SEARCH_PATHS = "$(PROJECT_DIR)/../../iOS";
				PRODUCT_BUNDLE_IDENTIFIER = com.td.HybridDemo;
				PRODUCT_NAME = "$(TARGET_NAME)";
			};
			name = Debug;
		};
		54441003A9E0FBDBCD843FCE /* Release */ = {
			isa = XCBuildConfiguration;
			buildSettings = {
				ASSETCATALOG_COMPILER_APPICON_NAME = AppIcon;
				INFOPLIST_FILE = HybridDemo/Info.plist;
				IPHONEOS_DEPLOYMENT_TARGET = 8.0;
				LD_RUNPATH_SEARCH_PATHS = "$(inherited) @executable_path/Frameworks";
				LIBRARY_SEARCH_PATHS = "$(PROJECT_DIR)/../../iOS";
				PRODUCT_BUNDLE_IDENTIFIER = com.td.HybridDemo;
				PRODUCT_NAME = "$(TARGET_NAME)";
			};
			name = Release;
		};
/* End XCBuildConfiguration section */

/* Begin XCConfigurationList section */
		54440001A9E0FBDBCD843FCE /* Build configuration list for PBXProject "HybridDemo" */ = {
			isa = XCConfigurationList;
			buildConfigurations = (
				54440002A9E0FBDBCD843FCE /* Debug */,
				54440003A9E0FBDBCD843FCE /* Release */,
			);
			defaultConfigurationIsVisible = 0;
			defaultConfigurationName = Release;
		};
		54441001A9E0FBDBCD843FCE /* Build configuration list for PBXNativeTarget "HybridDemo" */ = {
			isa = XCConfigurationList;
			buildConfigurations = (
				54441002A9E0FBDBCD843FCE /* Debug */,
				54441003A9E0FBDBCD843FCE /* Release */,
			);
			defaultConfigurationIsVisible = 0;
			defaultConfigurationName = Release;
		};
/* End XCConfigurationList section */
	};
	rootObject = 54440000A9E0FBDBCD843FCE /* Project object */;
}
